
Microsoft Visual Studio Solution File, Format Version 12.00
# Visual Studio 15
VisualStudioVersion = 15.0.26730.8
MinimumVisualStudioVersion = 10.0.40219.1
Project("{FAE04EC0-301F-11D3-BF4B-00C04F79EFBC}") = "Overmind.Tactics.Data", "Data\Overmind.Tactics.Data.csproj", "{DDE61537-FC52-4682-8B81-80C9257CBCE1}"
EndProject
Project("{FAE04EC0-301F-11D3-BF4B-00C04F79EFBC}") = "Overmind.Tactics.Model", "Model\Overmind.Tactics.Model.csproj", "{3221F396-3C43-45BF-843D-3E59A97A5533}"
EndProject
Project("{2150E333-8FDC-42A3-9474-1A3956D46DE8}") = "Solution Items", "Solution Items", "{CF7D7396-D4C0-4E9A-8007-4BEA428494DA}"
	ProjectSection(SolutionItems) = preProject
		.gitignore = .gitignore
		Credits.txt = Credits.txt
		License.txt = License.txt
	EndProjectSection
EndProject
Project("{FAE04EC0-301F-11D3-BF4B-00C04F79EFBC}") = "Overmind.Tactics.UnityClientDependencies", "UnityClientDependencies\Overmind.Tactics.UnityClientDependencies.csproj", "{2A7AD731-682F-47BF-80D1-2618CB83C290}"
EndProject
Project("{FAE04EC0-301F-11D3-BF4B-00C04F79EFBC}") = "Assembly-CSharp", "UnityClient\Assembly-CSharp.csproj", "{6C9E1067-45D3-8D51-00C4-572C36C1182E}"
EndProject
Project("{FAE04EC0-301F-11D3-BF4B-00C04F79EFBC}") = "Assembly-CSharp-Editor", "UnityClient\Assembly-CSharp-Editor.csproj", "{88F957FD-2E61-DF8C-5038-1E0EDB844F2C}"
EndProject
Global
	GlobalSection(SolutionConfigurationPlatforms) = preSolution
		Debug|Any CPU = Debug|Any CPU
		Release|Any CPU = Release|Any CPU
	EndGlobalSection
	GlobalSection(ProjectConfigurationPlatforms) = postSolution
		{DDE61537-FC52-4682-8B81-80C9257CBCE1}.Debug|Any CPU.ActiveCfg = Debug|Any CPU
		{DDE61537-FC52-4682-8B81-80C9257CBCE1}.Debug|Any CPU.Build.0 = Debug|Any CPU
		{DDE61537-FC52-4682-8B81-80C9257CBCE1}.Release|Any CPU.ActiveCfg = Release|Any CPU
		{DDE61537-FC52-4682-8B81-80C9257CBCE1}.Release|Any CPU.Build.0 = Release|Any CPU
		{3221F396-3C43-45BF-843D-3E59A97A5533}.Debug|Any CPU.ActiveCfg = Debug|Any CPU
		{3221F396-3C43-45BF-843D-3E59A97A5533}.Debug|Any CPU.Build.0 = Debug|Any CPU
		{3221F396-3C43-45BF-843D-3E59A97A5533}.Release|Any CPU.ActiveCfg = Release|Any CPU
		{3221F396-3C43-45BF-843D-3E59A97A5533}.Release|Any CPU.Build.0 = Release|Any CPU
		{2A7AD731-682F-47BF-80D1-2618CB83C290}.Debug|Any CPU.ActiveCfg = Debug|Any CPU
		{2A7AD731-682F-47BF-80D1-2618CB83C290}.Debug|Any CPU.Build.0 = Debug|Any CPU
		{2A7AD731-682F-47BF-80D1-2618CB83C290}.Release|Any CPU.ActiveCfg = Release|Any CPU
		{2A7AD731-682F-47BF-80D1-2618CB83C290}.Release|Any CPU.Build.0 = Release|Any CPU
		{6C9E1067-45D3-8D51-00C4-572C36C1182E}.Debug|Any CPU.ActiveCfg = Debug|Any CPU
		{6C9E1067-45D3-8D51-00C4-572C36C1182E}.Release|Any CPU.ActiveCfg = Release|Any CPU
		{88F957FD-2E61-DF8C-5038-1E0EDB844F2C}.Debug|Any CPU.ActiveCfg = Debug|Any CPU
		{88F957FD-2E61-DF8C-5038-1E0EDB844F2C}.Release|Any CPU.ActiveCfg = Release|Any CPU
	EndGlobalSection
	GlobalSection(SolutionProperties) = preSolution
		HideSolutionNode = FALSE
	EndGlobalSection
	GlobalSection(ExtensibilityGlobals) = postSolution
		SolutionGuid = {37A5E065-D0C6-4995-A485-F6E9581D063E}
	EndGlobalSection
EndGlobal
